
Microsoft Visual Studio Solution File, Format Version 12.00
# Visual Studio Version 17
VisualStudioVersion = 17.10.35013.160
MinimumVisualStudioVersion = 10.0.40219.1
Project("{888888A0-9F3D-457C-B088-3A5042F75D52}") = "python-telegram-bot", "python-telegram-bot\python-telegram-bot.pyproj", "{F67D7DA4-43C0-49EC-B7FB-C57AE3FC5DC0}"
EndProject
Global
	GlobalSection(SolutionConfigurationPlatforms) = preSolution
		Debug|Any CPU = Debug|Any CPU
		Release|Any CPU = Release|Any CPU
	EndGlobalSection
	GlobalSection(ProjectConfigurationPlatforms) = postSolution
		{F67D7DA4-43C0-49EC-B7FB-C57AE3FC5DC0}.Debug|Any CPU.ActiveCfg = Debug|Any CPU
		{F67D7DA4-43C0-49EC-B7FB-C57AE3FC5DC0}.Release|Any CPU.ActiveCfg = Release|Any CPU
	EndGlobalSection
	GlobalSection(SolutionProperties) = preSolution
		HideSolutionNode = FALSE
	EndGlobalSection
	GlobalSection(ExtensibilityGlobals) = postSolution
		SolutionGuid = {14CB8052-1A87-4A00-A641-2F71EA111404}
	EndGlobalSection
EndGlobal
